{
  "lockfileVersion": 2,
  "configVersion": 1,
  "workspaces": {
    "": {
      "name": "@atyrode/manifold-code",
      "dependencies": {
        "@atyrode/manifold-omp": "github:atyrode/manifold-omp#e2a00716c2b952035802f36eacadf353c6975344",
        "zod": "4.4.3",
      },
    },
  },
  "packages": {
    "@atyrode/manifold-omp": ["@atyrode/manifold-omp@github:atyrode/manifold-omp#e2a0071", { "dependencies": { "zod": "4.4.3" } }, "atyrode-manifold-omp-e2a0071", "sha512-87qcvDtVBRkXOKwZpcNTBQ94vM8aPdxTu5uVZxydmla2NTglduewTCHxR412gAjJ3mtfZ0X2CmvG3ezhs2jw+g=="],

    "zod": ["zod@4.4.3", "", {}, "sha512-ytENFjIJFl2UwYglde2jchW2Hwm4GJFLDiSXWdTrJQBIN9Fcyp7n4DhxJEiWNAJMV1/BqWfW/kkg71UDcHJyTQ=="],
  }
}
