{
  "lockfileVersion": 2,
  "configVersion": 1,
  "workspaces": {
    "": {
      "name": "@atyrode/manifold-code",
      "dependencies": {
        "@atyrode/manifold-omp": "github:atyrode/manifold-omp#cb94bb86de3b4bd4766ebcfd0e607ab167ff88f0",
        "zod": "4.4.3",
      },
    },
  },
  "packages": {
    "@atyrode/manifold-omp": ["@atyrode/manifold-omp@github:atyrode/manifold-omp#cb94bb8", { "dependencies": { "zod": "4.4.3" } }, "atyrode-manifold-omp-cb94bb8", "sha512-yCGSzZHZFyO8l/oUUsAVAg2N5BGY0mXC92y+aJt/+A3+G1jVpMYW/C4L3O0yIlBpFyb0PLFTyrMY1gI2ana6eA=="],

    "zod": ["zod@4.4.3", "", {}, "sha512-ytENFjIJFl2UwYglde2jchW2Hwm4GJFLDiSXWdTrJQBIN9Fcyp7n4DhxJEiWNAJMV1/BqWfW/kkg71UDcHJyTQ=="],
  }
}
